
Microsoft Visual Studio Solution File, Format Version 12.00
# Visual Studio Version 16
VisualStudioVersion = 16.0.29920.165
MinimumVisualStudioVersion = 10.0.40219.1
Project("{FAE04EC0-301F-11D3-BF4B-00C04F79EFBC}") = "TemplateAnalyse", "TemplateAnalyse.csproj", "{3602647B-F4EA-4D17-ADBC-D1B237349D2A}"
EndProject
Global
	GlobalSection(SolutionConfigurationPlatforms) = preSolution
		Debug|Any CPU = Debug|Any CPU
		Debug|x86 = Debug|x86
		Release|Any CPU = Release|Any CPU
		Release|x86 = Release|x86
	EndGlobalSection
	GlobalSection(ProjectConfigurationPlatforms) = postSolution
		{3602647B-F4EA-4D17-ADBC-D1B237349D2A}.Debug|Any CPU.ActiveCfg = Debug|Any CPU
		{3602647B-F4EA-4D17-ADBC-D1B237349D2A}.Debug|Any CPU.Build.0 = Debug|Any CPU
		{3602647B-F4EA-4D17-ADBC-D1B237349D2A}.Debug|x86.ActiveCfg = Debug|x86
		{3602647B-F4EA-4D17-ADBC-D1B237349D2A}.Debug|x86.Build.0 = Debug|x86
		{3602647B-F4EA-4D17-ADBC-D1B237349D2A}.Release|Any CPU.ActiveCfg = Release|Any CPU
		{3602647B-F4EA-4D17-ADBC-D1B237349D2A}.Release|Any CPU.Build.0 = Release|Any CPU
		{3602647B-F4EA-4D17-ADBC-D1B237349D2A}.Release|x86.ActiveCfg = Release|x86
		{3602647B-F4EA-4D17-ADBC-D1B237349D2A}.Release|x86.Build.0 = Release|x86
	EndGlobalSection
	GlobalSection(SolutionProperties) = preSolution
		HideSolutionNode = FALSE
	EndGlobalSection
	GlobalSection(ExtensibilityGlobals) = postSolution
		SolutionGuid = {C9964CB8-1582-48E3-8284-FCDCE8983EC1}
	EndGlobalSection
EndGlobal
